
Microsoft Visual Studio Solution File, Format Version 12.00
# Visual Studio Version 17
VisualStudioVersion = 17.0.31410.414
MinimumVisualStudioVersion = 10.0.40219.1
Project("{9A19103F-16F7-4668-BE54-9A1E7A4F7556}") = "Functional.Core", "Functional.Core\Functional.Core.csproj", "{B01F8A45-EAF3-46BD-A774-5E39580B2B98}"
EndProject
Project("{9A19103F-16F7-4668-BE54-9A1E7A4F7556}") = "OnlineBank.Core", "Functional.App\OnlineBank.Core.csproj", "{6BCD0237-C95C-43BE-95F5-F8E4B207E496}"
EndProject
Project("{FAE04EC0-301F-11D3-BF4B-00C04F79EFBC}") = "OnlineBank.API", "BankOnlineTransfer.API\OnlineBank.API.csproj", "{91C23B56-E401-4F5F-81A2-5C718F60C0E6}"
EndProject
Project("{FAE04EC0-301F-11D3-BF4B-00C04F79EFBC}") = "Database.Core", "Database.Core\Database.Core.csproj", "{87A5E6C2-4DA4-4FB4-9CD4-51F351FD0B4C}"
EndProject
Global
	GlobalSection(SolutionConfigurationPlatforms) = preSolution
		Debug|Any CPU = Debug|Any CPU
		Release|Any CPU = Release|Any CPU
	EndGlobalSection
	GlobalSection(ProjectConfigurationPlatforms) = postSolution
		{B01F8A45-EAF3-46BD-A774-5E39580B2B98}.Debug|Any CPU.ActiveCfg = Debug|Any CPU
		{B01F8A45-EAF3-46BD-A774-5E39580B2B98}.Debug|Any CPU.Build.0 = Debug|Any CPU
		{B01F8A45-EAF3-46BD-A774-5E39580B2B98}.Release|Any CPU.ActiveCfg = Release|Any CPU
		{B01F8A45-EAF3-46BD-A774-5E39580B2B98}.Release|Any CPU.Build.0 = Release|Any CPU
		{6BCD0237-C95C-43BE-95F5-F8E4B207E496}.Debug|Any CPU.ActiveCfg = Debug|Any CPU
		{6BCD0237-C95C-43BE-95F5-F8E4B207E496}.Debug|Any CPU.Build.0 = Debug|Any CPU
		{6BCD0237-C95C-43BE-95F5-F8E4B207E496}.Release|Any CPU.ActiveCfg = Release|Any CPU
		{6BCD0237-C95C-43BE-95F5-F8E4B207E496}.Release|Any CPU.Build.0 = Release|Any CPU
		{91C23B56-E401-4F5F-81A2-5C718F60C0E6}.Debug|Any CPU.ActiveCfg = Debug|Any CPU
		{91C23B56-E401-4F5F-81A2-5C718F60C0E6}.Debug|Any CPU.Build.0 = Debug|Any CPU
		{91C23B56-E401-4F5F-81A2-5C718F60C0E6}.Release|Any CPU.ActiveCfg = Release|Any CPU
		{91C23B56-E401-4F5F-81A2-5C718F60C0E6}.Release|Any CPU.Build.0 = Release|Any CPU
		{87A5E6C2-4DA4-4FB4-9CD4-51F351FD0B4C}.Debug|Any CPU.ActiveCfg = Debug|Any CPU
		{87A5E6C2-4DA4-4FB4-9CD4-51F351FD0B4C}.Debug|Any CPU.Build.0 = Debug|Any CPU
		{87A5E6C2-4DA4-4FB4-9CD4-51F351FD0B4C}.Release|Any CPU.ActiveCfg = Release|Any CPU
		{87A5E6C2-4DA4-4FB4-9CD4-51F351FD0B4C}.Release|Any CPU.Build.0 = Release|Any CPU
	EndGlobalSection
	GlobalSection(SolutionProperties) = preSolution
		HideSolutionNode = FALSE
	EndGlobalSection
	GlobalSection(ExtensibilityGlobals) = postSolution
		SolutionGuid = {6856218A-B000-4BDA-9EEA-A241B010A270}
	EndGlobalSection
EndGlobal
