
Microsoft Visual Studio Solution File, Format Version 12.00
# Visual Studio Version 17
VisualStudioVersion = 17.0.31410.414
MinimumVisualStudioVersion = 10.0.40219.1
Project("{FAE04EC0-301F-11D3-BF4B-00C04F79EFBC}") = "Functional.Core", "Functional.Core\Functional.Core.csproj", "{B01F8A45-EAF3-46BD-A774-5E39580B2B98}"
EndProject
Project("{FAE04EC0-301F-11D3-BF4B-00C04F79EFBC}") = "Functional.App", "Functional.App\Functional.App.csproj", "{6BCD0237-C95C-43BE-95F5-F8E4B207E496}"
EndProject
Global
	GlobalSection(SolutionConfigurationPlatforms) = preSolution
		Debug|Any CPU = Debug|Any CPU
		Release|Any CPU = Release|Any CPU
	EndGlobalSection
	GlobalSection(ProjectConfigurationPlatforms) = postSolution
		{B01F8A45-EAF3-46BD-A774-5E39580B2B98}.Debug|Any CPU.ActiveCfg = Debug|Any CPU
		{B01F8A45-EAF3-46BD-A774-5E39580B2B98}.Debug|Any CPU.Build.0 = Debug|Any CPU
		{B01F8A45-EAF3-46BD-A774-5E39580B2B98}.Release|Any CPU.ActiveCfg = Release|Any CPU
		{B01F8A45-EAF3-46BD-A774-5E39580B2B98}.Release|Any CPU.Build.0 = Release|Any CPU
		{6BCD0237-C95C-43BE-95F5-F8E4B207E496}.Debug|Any CPU.ActiveCfg = Debug|Any CPU
		{6BCD0237-C95C-43BE-95F5-F8E4B207E496}.Debug|Any CPU.Build.0 = Debug|Any CPU
		{6BCD0237-C95C-43BE-95F5-F8E4B207E496}.Release|Any CPU.ActiveCfg = Release|Any CPU
		{6BCD0237-C95C-43BE-95F5-F8E4B207E496}.Release|Any CPU.Build.0 = Release|Any CPU
	EndGlobalSection
	GlobalSection(SolutionProperties) = preSolution
		HideSolutionNode = FALSE
	EndGlobalSection
	GlobalSection(ExtensibilityGlobals) = postSolution
		SolutionGuid = {6856218A-B000-4BDA-9EEA-A241B010A270}
	EndGlobalSection
EndGlobal
